
Microsoft Visual Studio Solution File, Format Version 12.00
# Visual Studio Version 17
VisualStudioVersion = 17.5.33530.505
MinimumVisualStudioVersion = 10.0.40219.1
Project("{FAE04EC0-301F-11D3-BF4B-00C04F79EFBC}") = "DemoApplication", "DemoApplication\DemoApplication.csproj", "{F7FAE123-EDBE-4412-B443-862A445F37F1}"
EndProject
Global
	GlobalSection(SolutionConfigurationPlatforms) = preSolution
		Debug|Any CPU = Debug|Any CPU
		Release|Any CPU = Release|Any CPU
	EndGlobalSection
	GlobalSection(ProjectConfigurationPlatforms) = postSolution
		{F7FAE123-EDBE-4412-B443-862A445F37F1}.Debug|Any CPU.ActiveCfg = Debug|Any CPU
		{F7FAE123-EDBE-4412-B443-862A445F37F1}.Debug|Any CPU.Build.0 = Debug|Any CPU
		{F7FAE123-EDBE-4412-B443-862A445F37F1}.Release|Any CPU.ActiveCfg = Release|Any CPU
		{F7FAE123-EDBE-4412-B443-862A445F37F1}.Release|Any CPU.Build.0 = Release|Any CPU
	EndGlobalSection
	GlobalSection(SolutionProperties) = preSolution
		HideSolutionNode = FALSE
	EndGlobalSection
	GlobalSection(ExtensibilityGlobals) = postSolution
		SolutionGuid = {A3D62616-F6A9-4F0E-887F-6B1993A34F2D}
	EndGlobalSection
EndGlobal
